# THIS IS AN AUTOGENERATED FILE. DO NOT EDIT THIS FILE DIRECTLY.
# yarn lockfile v1


gcc-output-parser@^0.0.5:
  version "0.0.5"
  resolved "https://registry.yarnpkg.com/gcc-output-parser/-/gcc-output-parser-0.0.5.tgz#60403d6986a687e9ebe9422370cc2a46942643f6"
  integrity sha512-mNxr8otOo19gl61Snn4YkX+zBOwJGjckB+aAJZSVHZdWvTRcdUXBzu+5DWVQA/yFCrJviIeSrxYG+4FcV1tFkw==

peggy@^1.2.0:
  version "1.2.0"
  resolved "https://registry.yarnpkg.com/peggy/-/peggy-1.2.0.tgz#657ba45900cbef1dc9f52356704bdbb193c2021c"
  integrity sha512-PQ+NKpAobImfMprYQtc4Egmyi29bidRGEX0kKjCU5uuW09s0Cthwqhfy7mLkwcB4VcgacE5L/ZjruD/kOPCUUw==
