# THIS IS AN AUTOGENERATED FILE. DO NOT EDIT THIS FILE DIRECTLY.
# yarn lockfile v1


"@types/node@^16.10.2":
  version "16.10.2"
  resolved "https://registry.yarnpkg.com/@types/node/-/node-16.10.2.tgz#5764ca9aa94470adb4e1185fe2e9f19458992b2e"
  integrity sha512-zCclL4/rx+W5SQTzFs9wyvvyCwoK9QtBpratqz2IYJ3O8Umrn0m3nsTv0wQBk9sRGpvUe9CwPDrQFB10f1FIjQ==

peggy@^1.2.0:
  version "1.2.0"
  resolved "https://registry.yarnpkg.com/peggy/-/peggy-1.2.0.tgz#657ba45900cbef1dc9f52356704bdbb193c2021c"
  integrity sha512-PQ+NKpAobImfMprYQtc4Egmyi29bidRGEX0kKjCU5uuW09s0Cthwqhfy7mLkwcB4VcgacE5L/ZjruD/kOPCUUw==

ts-pegjs@^1.2.1:
  version "1.2.1"
  resolved "https://registry.yarnpkg.com/ts-pegjs/-/ts-pegjs-1.2.1.tgz#9b2ef035a9411845eae575a18054824825f726a5"
  integrity sha512-fvT1oBQKMO3+9MJSUELTIuwkMs0IXJ2iEUCIw6yIriz7agh+OAwAL5Q9y3WiqzxwNF+M+xuK676UVRZxBcaOmQ==
  dependencies:
    peggy "^1.2.0"

typescript@^4.4.3:
  version "4.4.3"
  resolved "https://registry.yarnpkg.com/typescript/-/typescript-4.4.3.tgz#bdc5407caa2b109efd4f82fe130656f977a29324"
  integrity sha512-4xfscpisVgqqDfPaJo5vkd+Qd/ItkoagnHpufr+i2QCHBsNYp+G7UAoyFl8aPtx879u38wPV65rZ8qbGZijalA==
